
Microsoft Visual Studio Solution File, Format Version 12.00
# Visual Studio Version 16
VisualStudioVersion = 16.0.31613.86
MinimumVisualStudioVersion = 10.0.40219.1
Project("{FAE04EC0-301F-11D3-BF4B-00C04F79EFBC}") = "WB.UI", "WB\WB.UI.csproj", "{CC2B3D78-216A-4C7F-85F2-858B78B7F8F6}"
EndProject
Project("{2150E333-8FDC-42A3-9474-1A3956D46DE8}") = "UI", "UI", "{358EB639-2A91-4A25-B453-CFEBB8F61539}"
EndProject
Project("{2150E333-8FDC-42A3-9474-1A3956D46DE8}") = "DTO", "DTO", "{386F8554-ED7E-47B4-9F57-759CD9BF4371}"
EndProject
Project("{2150E333-8FDC-42A3-9474-1A3956D46DE8}") = "DAC", "DAC", "{098E9B5A-7331-4F84-BC6B-E0B7C54363FC}"
EndProject
Project("{FAE04EC0-301F-11D3-BF4B-00C04F79EFBC}") = "WB.DAC", "WB.DAC\WB.DAC.csproj", "{A273EE5A-36EF-40FD-B047-9501AD21F005}"
EndProject
Project("{FAE04EC0-301F-11D3-BF4B-00C04F79EFBC}") = "WB.DTO", "WB.DTO\WB.DTO.csproj", "{21F84C46-351F-4E3D-9AE5-C87C5CBEAEE8}"
EndProject
Project("{FAE04EC0-301F-11D3-BF4B-00C04F79EFBC}") = "WB.LOA.UI", "WB.LOA.UI\WB.LOA.UI.csproj", "{D06A8C4B-EC1F-4623-98C2-4E54EC3EE348}"
EndProject
Project("{FAE04EC0-301F-11D3-BF4B-00C04F79EFBC}") = "WB.LOA.DTO", "WB.LOA.DTO\WB.LOA.DTO.csproj", "{5AF1C2DB-DFDF-477C-B80A-D05C45BEBD35}"
EndProject
Project("{FAE04EC0-301F-11D3-BF4B-00C04F79EFBC}") = "WB.LOA.DAC", "WB.LOA.DAC\WB.LOA.DAC.csproj", "{709FB1E5-18E2-4BC2-A3C9-98CFB0460117}"
EndProject
Global
	GlobalSection(SolutionConfigurationPlatforms) = preSolution
		Debug|Any CPU = Debug|Any CPU
		Release|Any CPU = Release|Any CPU
	EndGlobalSection
	GlobalSection(ProjectConfigurationPlatforms) = postSolution
		{CC2B3D78-216A-4C7F-85F2-858B78B7F8F6}.Debug|Any CPU.ActiveCfg = Debug|Any CPU
		{CC2B3D78-216A-4C7F-85F2-858B78B7F8F6}.Debug|Any CPU.Build.0 = Debug|Any CPU
		{CC2B3D78-216A-4C7F-85F2-858B78B7F8F6}.Release|Any CPU.ActiveCfg = Release|Any CPU
		{CC2B3D78-216A-4C7F-85F2-858B78B7F8F6}.Release|Any CPU.Build.0 = Release|Any CPU
		{A273EE5A-36EF-40FD-B047-9501AD21F005}.Debug|Any CPU.ActiveCfg = Debug|Any CPU
		{A273EE5A-36EF-40FD-B047-9501AD21F005}.Debug|Any CPU.Build.0 = Debug|Any CPU
		{A273EE5A-36EF-40FD-B047-9501AD21F005}.Release|Any CPU.ActiveCfg = Release|Any CPU
		{A273EE5A-36EF-40FD-B047-9501AD21F005}.Release|Any CPU.Build.0 = Release|Any CPU
		{21F84C46-351F-4E3D-9AE5-C87C5CBEAEE8}.Debug|Any CPU.ActiveCfg = Debug|Any CPU
		{21F84C46-351F-4E3D-9AE5-C87C5CBEAEE8}.Debug|Any CPU.Build.0 = Debug|Any CPU
		{21F84C46-351F-4E3D-9AE5-C87C5CBEAEE8}.Release|Any CPU.ActiveCfg = Release|Any CPU
		{21F84C46-351F-4E3D-9AE5-C87C5CBEAEE8}.Release|Any CPU.Build.0 = Release|Any CPU
		{D06A8C4B-EC1F-4623-98C2-4E54EC3EE348}.Debug|Any CPU.ActiveCfg = Debug|Any CPU
		{D06A8C4B-EC1F-4623-98C2-4E54EC3EE348}.Debug|Any CPU.Build.0 = Debug|Any CPU
		{D06A8C4B-EC1F-4623-98C2-4E54EC3EE348}.Release|Any CPU.ActiveCfg = Release|Any CPU
		{D06A8C4B-EC1F-4623-98C2-4E54EC3EE348}.Release|Any CPU.Build.0 = Release|Any CPU
		{5AF1C2DB-DFDF-477C-B80A-D05C45BEBD35}.Debug|Any CPU.ActiveCfg = Debug|Any CPU
		{5AF1C2DB-DFDF-477C-B80A-D05C45BEBD35}.Debug|Any CPU.Build.0 = Debug|Any CPU
		{5AF1C2DB-DFDF-477C-B80A-D05C45BEBD35}.Release|Any CPU.ActiveCfg = Release|Any CPU
		{5AF1C2DB-DFDF-477C-B80A-D05C45BEBD35}.Release|Any CPU.Build.0 = Release|Any CPU
		{709FB1E5-18E2-4BC2-A3C9-98CFB0460117}.Debug|Any CPU.ActiveCfg = Debug|Any CPU
		{709FB1E5-18E2-4BC2-A3C9-98CFB0460117}.Debug|Any CPU.Build.0 = Debug|Any CPU
		{709FB1E5-18E2-4BC2-A3C9-98CFB0460117}.Release|Any CPU.ActiveCfg = Release|Any CPU
		{709FB1E5-18E2-4BC2-A3C9-98CFB0460117}.Release|Any CPU.Build.0 = Release|Any CPU
	EndGlobalSection
	GlobalSection(SolutionProperties) = preSolution
		HideSolutionNode = FALSE
	EndGlobalSection
	GlobalSection(NestedProjects) = preSolution
		{CC2B3D78-216A-4C7F-85F2-858B78B7F8F6} = {358EB639-2A91-4A25-B453-CFEBB8F61539}
		{A273EE5A-36EF-40FD-B047-9501AD21F005} = {098E9B5A-7331-4F84-BC6B-E0B7C54363FC}
		{21F84C46-351F-4E3D-9AE5-C87C5CBEAEE8} = {386F8554-ED7E-47B4-9F57-759CD9BF4371}
		{D06A8C4B-EC1F-4623-98C2-4E54EC3EE348} = {358EB639-2A91-4A25-B453-CFEBB8F61539}
		{5AF1C2DB-DFDF-477C-B80A-D05C45BEBD35} = {386F8554-ED7E-47B4-9F57-759CD9BF4371}
		{709FB1E5-18E2-4BC2-A3C9-98CFB0460117} = {098E9B5A-7331-4F84-BC6B-E0B7C54363FC}
	EndGlobalSection
	GlobalSection(ExtensibilityGlobals) = postSolution
		SolutionGuid = {DE573623-55D4-417F-93B0-D4A7B3CD6914}
	EndGlobalSection
EndGlobal
